// !$*UTF8*$!
{
	archiveVersion = 1;
	classes = {
	};
	objectVersion = 45;
	objects = {

/* Begin PBXBuildFile section */
		662BC50E10D148EB00DBD774 /* WaveStatusRetriever.m in Sources */ = {isa = PBXBuildFile; fileRef = 662BC50D10D148EB00DBD774 /* WaveStatusRetriever.m */; };
		6636060210D13C940013918E /* TrayMenu.m in Sources */ = {isa = PBXBuildFile; fileRef = 6636060110D13C940013918E /* TrayMenu.m */; };
		6636060910D13E850013918E /* ApplicationDelegate.m in Sources */ = {isa = PBXBuildFile; fileRef = 6636060810D13E850013918E /* ApplicationDelegate.m */; };
		6636061410D142B70013918E /* WaveGrey.png in Resources */ = {isa = PBXBuildFile; fileRef = 6636061310D142B70013918E /* WaveGrey.png */; };
		669ADA3410D97E36001B4E59 /* Wave.m in Sources */ = {isa = PBXBuildFile; fileRef = 669ADA3310D97E36001B4E59 /* Wave.m */; };
		669ADA7D10D9870D001B4E59 /* WaveColored.png in Resources */ = {isa = PBXBuildFile; fileRef = 669ADA7B10D9870D001B4E59 /* WaveColored.png */; };
		669ADA7E10D9870D001B4E59 /* WaveRed.png in Resources */ = {isa = PBXBuildFile; fileRef = 669ADA7C10D9870D001B4E59 /* WaveRed.png */; };
		669ADA9C10D98EC9001B4E59 /* Security.framework in Frameworks */ = {isa = PBXBuildFile; fileRef = 669ADA9B10D98EC9001B4E59 /* Security.framework */; };
		669ADB4910D99745001B4E59 /* Preferences.xib in Resources */ = {isa = PBXBuildFile; fileRef = 669ADB4810D99745001B4E59 /* Preferences.xib */; };
		669ADB5910D99836001B4E59 /* About.xib in Resources */ = {isa = PBXBuildFile; fileRef = 669ADB5810D99836001B4E59 /* About.xib */; };
		669ADBB210D9AD4C001B4E59 /* PreferencesController.m in Sources */ = {isa = PBXBuildFile; fileRef = 669ADBB110D9AD4C001B4E59 /* PreferencesController.m */; };
		669ADE7910DAFB33001B4E59 /* NSObject+SBJSON.m in Sources */ = {isa = PBXBuildFile; fileRef = 669ADE6E10DAFB33001B4E59 /* NSObject+SBJSON.m */; };
		669ADE7A10DAFB33001B4E59 /* NSString+SBJSON.m in Sources */ = {isa = PBXBuildFile; fileRef = 669ADE7010DAFB33001B4E59 /* NSString+SBJSON.m */; };
		669ADE7B10DAFB33001B4E59 /* SBJSON.m in Sources */ = {isa = PBXBuildFile; fileRef = 669ADE7210DAFB33001B4E59 /* SBJSON.m */; };
		669ADE7C10DAFB33001B4E59 /* SBJsonBase.m in Sources */ = {isa = PBXBuildFile; fileRef = 669ADE7410DAFB33001B4E59 /* SBJsonBase.m */; };
		669ADE7D10DAFB33001B4E59 /* SBJsonParser.m in Sources */ = {isa = PBXBuildFile; fileRef = 669ADE7610DAFB33001B4E59 /* SBJsonParser.m */; };
		669ADE7E10DAFB33001B4E59 /* SBJsonWriter.m in Sources */ = {isa = PBXBuildFile; fileRef = 669ADE7810DAFB33001B4E59 /* SBJsonWriter.m */; };
		669ADEA310DB1112001B4E59 /* WaveMenu.icns in Resources */ = {isa = PBXBuildFile; fileRef = 669ADEA210DB1112001B4E59 /* WaveMenu.icns */; };
		669ADEAE10DB1465001B4E59 /* AboutController.m in Sources */ = {isa = PBXBuildFile; fileRef = 669ADEAD10DB1465001B4E59 /* AboutController.m */; };
		8D11072B0486CEB800E47090 /* InfoPlist.strings in Resources */ = {isa = PBXBuildFile; fileRef = 089C165CFE840E0CC02AAC07 /* InfoPlist.strings */; };
		8D11072D0486CEB800E47090 /* main.m in Sources */ = {isa = PBXBuildFile; fileRef = 29B97316FDCFA39411CA2CEA /* main.m */; settings = {ATTRIBUTES = (); }; };
		8D11072F0486CEB800E47090 /* Cocoa.framework in Frameworks */ = {isa = PBXBuildFile; fileRef = 1058C7A1FEA54F0111CA2CBB /* Cocoa.framework */; };
/* End PBXBuildFile section */

/* Begin PBXFileReference section */
		089C165DFE840E0CC02AAC07 /* English */ = {isa = PBXFileReference; fileEncoding = 10; lastKnownFileType = text.plist.strings; name = English; path = English.lproj/InfoPlist.strings; sourceTree = "<group>"; };
		1058C7A1FEA54F0111CA2CBB /* Cocoa.framework */ = {isa = PBXFileReference; lastKnownFileType = wrapper.framework; name = Cocoa.framework; path = /System/Library/Frameworks/Cocoa.framework; sourceTree = "<absolute>"; };
		13E42FB307B3F0F600E4EEF1 /* CoreData.framework */ = {isa = PBXFileReference; lastKnownFileType = wrapper.framework; name = CoreData.framework; path = /System/Library/Frameworks/CoreData.framework; sourceTree = "<absolute>"; };
		29B97316FDCFA39411CA2CEA /* main.m */ = {isa = PBXFileReference; fileEncoding = 4; lastKnownFileType = sourcecode.c.objc; path = main.m; sourceTree = "<group>"; };
		29B97324FDCFA39411CA2CEA /* AppKit.framework */ = {isa = PBXFileReference; lastKnownFileType = wrapper.framework; name = AppKit.framework; path = /System/Library/Frameworks/AppKit.framework; sourceTree = "<absolute>"; };
		29B97325FDCFA39411CA2CEA /* Foundation.framework */ = {isa = PBXFileReference; lastKnownFileType = wrapper.framework; name = Foundation.framework; path = /System/Library/Frameworks/Foundation.framework; sourceTree = "<absolute>"; };
		32CA4F630368D1EE00C91783 /* WaveMenu_Prefix.pch */ = {isa = PBXFileReference; fileEncoding = 4; lastKnownFileType = sourcecode.c.h; path = WaveMenu_Prefix.pch; sourceTree = "<group>"; };
		662BC50C10D148EB00DBD774 /* WaveStatusRetriever.h */ = {isa = PBXFileReference; fileEncoding = 4; lastKnownFileType = sourcecode.c.h; path = WaveStatusRetriever.h; sourceTree = "<group>"; };
		662BC50D10D148EB00DBD774 /* WaveStatusRetriever.m */ = {isa = PBXFileReference; fileEncoding = 4; lastKnownFileType = sourcecode.c.objc; path = WaveStatusRetriever.m; sourceTree = "<group>"; };
		6636060010D13C940013918E /* TrayMenu.h */ = {isa = PBXFileReference; fileEncoding = 4; lastKnownFileType = sourcecode.c.h; path = TrayMenu.h; sourceTree = "<group>"; };
		6636060110D13C940013918E /* TrayMenu.m */ = {isa = PBXFileReference; fileEncoding = 4; lastKnownFileType = sourcecode.c.objc; path = TrayMenu.m; sourceTree = "<group>"; };
		6636060710D13E850013918E /* ApplicationDelegate.h */ = {isa = PBXFileReference; fileEncoding = 4; lastKnownFileType = sourcecode.c.h; path = ApplicationDelegate.h; sourceTree = "<group>"; };
		6636060810D13E850013918E /* ApplicationDelegate.m */ = {isa = PBXFileReference; fileEncoding = 4; lastKnownFileType = sourcecode.c.objc; path = ApplicationDelegate.m; sourceTree = "<group>"; };
		6636061310D142B70013918E /* WaveGrey.png */ = {isa = PBXFileReference; lastKnownFileType = image.png; path = WaveGrey.png; sourceTree = "<group>"; };
		669ADA3210D97E36001B4E59 /* Wave.h */ = {isa = PBXFileReference; fileEncoding = 4; lastKnownFileType = sourcecode.c.h; path = Wave.h; sourceTree = "<group>"; };
		669ADA3310D97E36001B4E59 /* Wave.m */ = {isa = PBXFileReference; fileEncoding = 4; lastKnownFileType = sourcecode.c.objc; path = Wave.m; sourceTree = "<group>"; };
		669ADA7B10D9870D001B4E59 /* WaveColored.png */ = {isa = PBXFileReference; lastKnownFileType = image.png; path = WaveColored.png; sourceTree = "<group>"; };
		669ADA7C10D9870D001B4E59 /* WaveRed.png */ = {isa = PBXFileReference; lastKnownFileType = image.png; path = WaveRed.png; sourceTree = "<group>"; };
		669ADA9B10D98EC9001B4E59 /* Security.framework */ = {isa = PBXFileReference; lastKnownFileType = wrapper.framework; name = Security.framework; path = /System/Library/Frameworks/Security.framework; sourceTree = "<absolute>"; };
		669ADB4810D99745001B4E59 /* Preferences.xib */ = {isa = PBXFileReference; lastKnownFileType = file.xib; path = Preferences.xib; sourceTree = "<group>"; };
		669ADB5810D99836001B4E59 /* About.xib */ = {isa = PBXFileReference; lastKnownFileType = file.xib; path = About.xib; sourceTree = "<group>"; };
		669ADBB010D9AD4C001B4E59 /* PreferencesController.h */ = {isa = PBXFileReference; fileEncoding = 4; lastKnownFileType = sourcecode.c.h; path = PreferencesController.h; sourceTree = "<group>"; };
		669ADBB110D9AD4C001B4E59 /* PreferencesController.m */ = {isa = PBXFileReference; fileEncoding = 4; lastKnownFileType = sourcecode.c.objc; path = PreferencesController.m; sourceTree = "<group>"; };
		669ADE6C10DAFB33001B4E59 /* JSON.h */ = {isa = PBXFileReference; fileEncoding = 4; lastKnownFileType = sourcecode.c.h; path = JSON.h; sourceTree = "<group>"; };
		669ADE6D10DAFB33001B4E59 /* NSObject+SBJSON.h */ = {isa = PBXFileReference; fileEncoding = 4; lastKnownFileType = sourcecode.c.h; path = "NSObject+SBJSON.h"; sourceTree = "<group>"; };
		669ADE6E10DAFB33001B4E59 /* NSObject+SBJSON.m */ = {isa = PBXFileReference; fileEncoding = 4; lastKnownFileType = sourcecode.c.objc; path = "NSObject+SBJSON.m"; sourceTree = "<group>"; };
		669ADE6F10DAFB33001B4E59 /* NSString+SBJSON.h */ = {isa = PBXFileReference; fileEncoding = 4; lastKnownFileType = sourcecode.c.h; path = "NSString+SBJSON.h"; sourceTree = "<group>"; };
		669ADE7010DAFB33001B4E59 /* NSString+SBJSON.m */ = {isa = PBXFileReference; fileEncoding = 4; lastKnownFileType = sourcecode.c.objc; path = "NSString+SBJSON.m"; sourceTree = "<group>"; };
		669ADE7110DAFB33001B4E59 /* SBJSON.h */ = {isa = PBXFileReference; fileEncoding = 4; lastKnownFileType = sourcecode.c.h; path = SBJSON.h; sourceTree = "<group>"; };
		669ADE7210DAFB33001B4E59 /* SBJSON.m */ = {isa = PBXFileReference; fileEncoding = 4; lastKnownFileType = sourcecode.c.objc; path = SBJSON.m; sourceTree = "<group>"; };
		669ADE7310DAFB33001B4E59 /* SBJsonBase.h */ = {isa = PBXFileReference; fileEncoding = 4; lastKnownFileType = sourcecode.c.h; path = SBJsonBase.h; sourceTree = "<group>"; };
		669ADE7410DAFB33001B4E59 /* SBJsonBase.m */ = {isa = PBXFileReference; fileEncoding = 4; lastKnownFileType = sourcecode.c.objc; path = SBJsonBase.m; sourceTree = "<group>"; };
		669ADE7510DAFB33001B4E59 /* SBJsonParser.h */ = {isa = PBXFileReference; fileEncoding = 4; lastKnownFileType = sourcecode.c.h; path = SBJsonParser.h; sourceTree = "<group>"; };
		669ADE7610DAFB33001B4E59 /* SBJsonParser.m */ = {isa = PBXFileReference; fileEncoding = 4; lastKnownFileType = sourcecode.c.objc; path = SBJsonParser.m; sourceTree = "<group>"; };
		669ADE7710DAFB33001B4E59 /* SBJsonWriter.h */ = {isa = PBXFileReference; fileEncoding = 4; lastKnownFileType = sourcecode.c.h; path = SBJsonWriter.h; sourceTree = "<group>"; };
		669ADE7810DAFB33001B4E59 /* SBJsonWriter.m */ = {isa = PBXFileReference; fileEncoding = 4; lastKnownFileType = sourcecode.c.objc; path = SBJsonWriter.m; sourceTree = "<group>"; };
		669ADEA210DB1112001B4E59 /* WaveMenu.icns */ = {isa = PBXFileReference; lastKnownFileType = image.icns; path = WaveMenu.icns; sourceTree = "<group>"; };
		669ADEAC10DB1465001B4E59 /* AboutController.h */ = {isa = PBXFileReference; fileEncoding = 4; lastKnownFileType = sourcecode.c.h; path = AboutController.h; sourceTree = "<group>"; };
		669ADEAD10DB1465001B4E59 /* AboutController.m */ = {isa = PBXFileReference; fileEncoding = 4; lastKnownFileType = sourcecode.c.objc; path = AboutController.m; sourceTree = "<group>"; };
		8D1107310486CEB800E47090 /* Info.plist */ = {isa = PBXFileReference; fileEncoding = 4; lastKnownFileType = text.plist.xml; path = Info.plist; sourceTree = "<group>"; };
		8D1107320486CEB800E47090 /* WaveMenu.app */ = {isa = PBXFileReference; explicitFileType = wrapper.application; includeInIndex = 0; path = WaveMenu.app; sourceTree = BUILT_PRODUCTS_DIR; };
/* End PBXFileReference section */

/* Begin PBXFrameworksBuildPhase section */
		8D11072E0486CEB800E47090 /* Frameworks */ = {
			isa = PBXFrameworksBuildPhase;
			buildActionMask = 2147483647;
			files = (
				8D11072F0486CEB800E47090 /* Cocoa.framework in Frameworks */,
				669ADA9C10D98EC9001B4E59 /* Security.framework in Frameworks */,
			);
			runOnlyForDeploymentPostprocessing = 0;
		};
/* End PBXFrameworksBuildPhase section */

/* Begin PBXGroup section */
		080E96DDFE201D6D7F000001 /* Classes */ = {
			isa = PBXGroup;
			children = (
				6636060010D13C940013918E /* TrayMenu.h */,
				6636060110D13C940013918E /* TrayMenu.m */,
				662BC50C10D148EB00DBD774 /* WaveStatusRetriever.h */,
				662BC50D10D148EB00DBD774 /* WaveStatusRetriever.m */,
				669ADA3210D97E36001B4E59 /* Wave.h */,
				669ADA3310D97E36001B4E59 /* Wave.m */,
			);
			name = Classes;
			sourceTree = "<group>";
		};
		1058C7A0FEA54F0111CA2CBB /* Linked Frameworks */ = {
			isa = PBXGroup;
			children = (
				1058C7A1FEA54F0111CA2CBB /* Cocoa.framework */,
				669ADA9B10D98EC9001B4E59 /* Security.framework */,
			);
			name = "Linked Frameworks";
			sourceTree = "<group>";
		};
		1058C7A2FEA54F0111CA2CBB /* Other Frameworks */ = {
			isa = PBXGroup;
			children = (
				29B97324FDCFA39411CA2CEA /* AppKit.framework */,
				13E42FB307B3F0F600E4EEF1 /* CoreData.framework */,
				29B97325FDCFA39411CA2CEA /* Foundation.framework */,
			);
			name = "Other Frameworks";
			sourceTree = "<group>";
		};
		19C28FACFE9D520D11CA2CBB /* Products */ = {
			isa = PBXGroup;
			children = (
				8D1107320486CEB800E47090 /* WaveMenu.app */,
			);
			name = Products;
			sourceTree = "<group>";
		};
		29B97314FDCFA39411CA2CEA /* WaveMenu */ = {
			isa = PBXGroup;
			children = (
				669ADEAB10DB144D001B4E59 /* About Box */,
				669ADBAF10D9AD2D001B4E59 /* Preferences */,
				080E96DDFE201D6D7F000001 /* Classes */,
				29B97315FDCFA39411CA2CEA /* Other Sources */,
				29B97317FDCFA39411CA2CEA /* Resources */,
				669ADE6B10DAFB33001B4E59 /* JSON */,
				29B97323FDCFA39411CA2CEA /* Frameworks */,
				19C28FACFE9D520D11CA2CBB /* Products */,
			);
			name = WaveMenu;
			sourceTree = "<group>";
		};
		29B97315FDCFA39411CA2CEA /* Other Sources */ = {
			isa = PBXGroup;
			children = (
				32CA4F630368D1EE00C91783 /* WaveMenu_Prefix.pch */,
				29B97316FDCFA39411CA2CEA /* main.m */,
				6636060710D13E850013918E /* ApplicationDelegate.h */,
				6636060810D13E850013918E /* ApplicationDelegate.m */,
			);
			name = "Other Sources";
			sourceTree = "<group>";
		};
		29B97317FDCFA39411CA2CEA /* Resources */ = {
			isa = PBXGroup;
			children = (
				669ADEA210DB1112001B4E59 /* WaveMenu.icns */,
				669ADA7B10D9870D001B4E59 /* WaveColored.png */,
				669ADA7C10D9870D001B4E59 /* WaveRed.png */,
				6636061310D142B70013918E /* WaveGrey.png */,
				8D1107310486CEB800E47090 /* Info.plist */,
				089C165CFE840E0CC02AAC07 /* InfoPlist.strings */,
			);
			name = Resources;
			sourceTree = "<group>";
		};
		29B97323FDCFA39411CA2CEA /* Frameworks */ = {
			isa = PBXGroup;
			children = (
				1058C7A0FEA54F0111CA2CBB /* Linked Frameworks */,
				1058C7A2FEA54F0111CA2CBB /* Other Frameworks */,
			);
			name = Frameworks;
			sourceTree = "<group>";
		};
		669ADBAF10D9AD2D001B4E59 /* Preferences */ = {
			isa = PBXGroup;
			children = (
				669ADB4810D99745001B4E59 /* Preferences.xib */,
				669ADBB010D9AD4C001B4E59 /* PreferencesController.h */,
				669ADBB110D9AD4C001B4E59 /* PreferencesController.m */,
			);
			name = Preferences;
			sourceTree = "<group>";
		};
		669ADE6B10DAFB33001B4E59 /* JSON */ = {
			isa = PBXGroup;
			children = (
				669ADE6C10DAFB33001B4E59 /* JSON.h */,
				669ADE6D10DAFB33001B4E59 /* NSObject+SBJSON.h */,
				669ADE6E10DAFB33001B4E59 /* NSObject+SBJSON.m */,
				669ADE6F10DAFB33001B4E59 /* NSString+SBJSON.h */,
				669ADE7010DAFB33001B4E59 /* NSString+SBJSON.m */,
				669ADE7110DAFB33001B4E59 /* SBJSON.h */,
				669ADE7210DAFB33001B4E59 /* SBJSON.m */,
				669ADE7310DAFB33001B4E59 /* SBJsonBase.h */,
				669ADE7410DAFB33001B4E59 /* SBJsonBase.m */,
				669ADE7510DAFB33001B4E59 /* SBJsonParser.h */,
				669ADE7610DAFB33001B4E59 /* SBJsonParser.m */,
				669ADE7710DAFB33001B4E59 /* SBJsonWriter.h */,
				669ADE7810DAFB33001B4E59 /* SBJsonWriter.m */,
			);
			path = JSON;
			sourceTree = "<group>";
		};
		669ADEAB10DB144D001B4E59 /* About Box */ = {
			isa = PBXGroup;
			children = (
				669ADB5810D99836001B4E59 /* About.xib */,
				669ADEAC10DB1465001B4E59 /* AboutController.h */,
				669ADEAD10DB1465001B4E59 /* AboutController.m */,
			);
			name = "About Box";
			sourceTree = "<group>";
		};
/* End PBXGroup section */

/* Begin PBXNativeTarget section */
		8D1107260486CEB800E47090 /* WaveMenu */ = {
			isa = PBXNativeTarget;
			buildConfigurationList = C01FCF4A08A954540054247B /* Build configuration list for PBXNativeTarget "WaveMenu" */;
			buildPhases = (
				8D1107290486CEB800E47090 /* Resources */,
				8D11072C0486CEB800E47090 /* Sources */,
				8D11072E0486CEB800E47090 /* Frameworks */,
			);
			buildRules = (
			);
			dependencies = (
			);
			name = WaveMenu;
			productInstallPath = "$(HOME)/Applications";
			productName = WaveMenu;
			productReference = 8D1107320486CEB800E47090 /* WaveMenu.app */;
			productType = "com.apple.product-type.application";
		};
/* End PBXNativeTarget section */

/* Begin PBXProject section */
		29B97313FDCFA39411CA2CEA /* Project object */ = {
			isa = PBXProject;
			buildConfigurationList = C01FCF4E08A954540054247B /* Build configuration list for PBXProject "WaveMenu" */;
			compatibilityVersion = "Xcode 3.1";
			hasScannedForEncodings = 1;
			mainGroup = 29B97314FDCFA39411CA2CEA /* WaveMenu */;
			projectDirPath = "";
			projectRoot = "";
			targets = (
				8D1107260486CEB800E47090 /* WaveMenu */,
			);
		};
/* End PBXProject section */

/* Begin PBXResourcesBuildPhase section */
		8D1107290486CEB800E47090 /* Resources */ = {
			isa = PBXResourcesBuildPhase;
			buildActionMask = 2147483647;
			files = (
				8D11072B0486CEB800E47090 /* InfoPlist.strings in Resources */,
				6636061410D142B70013918E /* WaveGrey.png in Resources */,
				669ADA7D10D9870D001B4E59 /* WaveColored.png in Resources */,
				669ADA7E10D9870D001B4E59 /* WaveRed.png in Resources */,
				669ADB4910D99745001B4E59 /* Preferences.xib in Resources */,
				669ADB5910D99836001B4E59 /* About.xib in Resources */,
				669ADEA310DB1112001B4E59 /* WaveMenu.icns in Resources */,
			);
			runOnlyForDeploymentPostprocessing = 0;
		};
/* End PBXResourcesBuildPhase section */

/* Begin PBXSourcesBuildPhase section */
		8D11072C0486CEB800E47090 /* Sources */ = {
			isa = PBXSourcesBuildPhase;
			buildActionMask = 2147483647;
			files = (
				8D11072D0486CEB800E47090 /* main.m in Sources */,
				6636060210D13C940013918E /* TrayMenu.m in Sources */,
				6636060910D13E850013918E /* ApplicationDelegate.m in Sources */,
				662BC50E10D148EB00DBD774 /* WaveStatusRetriever.m in Sources */,
				669ADA3410D97E36001B4E59 /* Wave.m in Sources */,
				669ADBB210D9AD4C001B4E59 /* PreferencesController.m in Sources */,
				669ADE7910DAFB33001B4E59 /* NSObject+SBJSON.m in Sources */,
				669ADE7A10DAFB33001B4E59 /* NSString+SBJSON.m in Sources */,
				669ADE7B10DAFB33001B4E59 /* SBJSON.m in Sources */,
				669ADE7C10DAFB33001B4E59 /* SBJsonBase.m in Sources */,
				669ADE7D10DAFB33001B4E59 /* SBJsonParser.m in Sources */,
				669ADE7E10DAFB33001B4E59 /* SBJsonWriter.m in Sources */,
				669ADEAE10DB1465001B4E59 /* AboutController.m in Sources */,
			);
			runOnlyForDeploymentPostprocessing = 0;
		};
/* End PBXSourcesBuildPhase section */

/* Begin PBXVariantGroup section */
		089C165CFE840E0CC02AAC07 /* InfoPlist.strings */ = {
			isa = PBXVariantGroup;
			children = (
				089C165DFE840E0CC02AAC07 /* English */,
			);
			name = InfoPlist.strings;
			sourceTree = "<group>";
		};
/* End PBXVariantGroup section */

/* Begin XCBuildConfiguration section */
		C01FCF4B08A954540054247B /* Debug */ = {
			isa = XCBuildConfiguration;
			buildSettings = {
				ALWAYS_SEARCH_USER_PATHS = NO;
				COPY_PHASE_STRIP = NO;
				FRAMEWORK_SEARCH_PATHS = (
					"$(inherited)",
					"\"$(SRCROOT)\"",
				);
				GCC_DYNAMIC_NO_PIC = NO;
				GCC_ENABLE_FIX_AND_CONTINUE = YES;
				GCC_MODEL_TUNING = G5;
				GCC_OPTIMIZATION_LEVEL = 0;
				GCC_PRECOMPILE_PREFIX_HEADER = YES;
				GCC_PREFIX_HEADER = WaveMenu_Prefix.pch;
				INFOPLIST_FILE = Info.plist;
				INSTALL_PATH = "$(HOME)/Applications";
				PRODUCT_NAME = WaveMenu;
			};
			name = Debug;
		};
		C01FCF4C08A954540054247B /* Release */ = {
			isa = XCBuildConfiguration;
			buildSettings = {
				ALWAYS_SEARCH_USER_PATHS = NO;
				DEBUG_INFORMATION_FORMAT = "dwarf-with-dsym";
				FRAMEWORK_SEARCH_PATHS = (
					"$(inherited)",
					"\"$(SRCROOT)\"",
				);
				GCC_MODEL_TUNING = G5;
				GCC_PRECOMPILE_PREFIX_HEADER = YES;
				GCC_PREFIX_HEADER = WaveMenu_Prefix.pch;
				INFOPLIST_FILE = Info.plist;
				INSTALL_PATH = "$(HOME)/Applications";
				PRODUCT_NAME = WaveMenu;
			};
			name = Release;
		};
		C01FCF4F08A954540054247B /* Debug */ = {
			isa = XCBuildConfiguration;
			buildSettings = {
				ARCHS = "$(ARCHS_STANDARD_32_BIT)";
				GCC_C_LANGUAGE_STANDARD = c99;
				GCC_OPTIMIZATION_LEVEL = 0;
				GCC_WARN_ABOUT_RETURN_TYPE = YES;
				GCC_WARN_UNUSED_VARIABLE = YES;
				ONLY_ACTIVE_ARCH = YES;
				PREBINDING = NO;
				SDKROOT = macosx10.5;
			};
			name = Debug;
		};
		C01FCF5008A954540054247B /* Release */ = {
			isa = XCBuildConfiguration;
			buildSettings = {
				ARCHS = "$(ARCHS_STANDARD_32_BIT)";
				GCC_C_LANGUAGE_STANDARD = c99;
				GCC_WARN_ABOUT_RETURN_TYPE = YES;
				GCC_WARN_UNUSED_VARIABLE = YES;
				PREBINDING = NO;
				SDKROOT = macosx10.5;
			};
			name = Release;
		};
/* End XCBuildConfiguration section */

/* Begin XCConfigurationList section */
		C01FCF4A08A954540054247B /* Build configuration list for PBXNativeTarget "WaveMenu" */ = {
			isa = XCConfigurationList;
			buildConfigurations = (
				C01FCF4B08A954540054247B /* Debug */,
				C01FCF4C08A954540054247B /* Release */,
			);
			defaultConfigurationIsVisible = 0;
			defaultConfigurationName = Release;
		};
		C01FCF4E08A954540054247B /* Build configuration list for PBXProject "WaveMenu" */ = {
			isa = XCConfigurationList;
			buildConfigurations = (
				C01FCF4F08A954540054247B /* Debug */,
				C01FCF5008A954540054247B /* Release */,
			);
			defaultConfigurationIsVisible = 0;
			defaultConfigurationName = Release;
		};
/* End XCConfigurationList section */
	};
	rootObject = 29B97313FDCFA39411CA2CEA /* Project object */;
}
